{
  "nodes": {
    "nixpkgs": {
      "locked": {
        "lastModified": 1625261711,
        "narHash": "sha256-zf8s1MRqPvxSBBqrcL1kKv6TZ3Zeg0/blXhf7ib6MyA=",
        "owner": "NixOS",
        "repo": "nixpkgs",
        "rev": "8cc04d3c8634829f75f1d3fca98bfcbc44f276ce",
        "type": "github"
      },
      "original": {
        "id": "nixpkgs",
        "type": "indirect"
      }
    },
    "root": {
      "inputs": {
        "nixpkgs": "nixpkgs"
      }
    }
  },
  "root": "root",
  "version": 7
}
